
Microsoft Visual Studio Solution File, Format Version 12.00
# Visual Studio 15
VisualStudioVersion = 15.0.27004.2008
MinimumVisualStudioVersion = 10.0.40219.1
Project("{FAE04EC0-301F-11D3-BF4B-00C04F79EFBC}") = "Pr4.2", "Pr4.2\Pr4.2.csproj", "{12052F96-3656-448F-9B31-2EF86559040E}"
EndProject
Global
	GlobalSection(SolutionConfigurationPlatforms) = preSolution
		Debug|Any CPU = Debug|Any CPU
		Release|Any CPU = Release|Any CPU
	EndGlobalSection
	GlobalSection(ProjectConfigurationPlatforms) = postSolution
		{12052F96-3656-448F-9B31-2EF86559040E}.Debug|Any CPU.ActiveCfg = Debug|Any CPU
		{12052F96-3656-448F-9B31-2EF86559040E}.Debug|Any CPU.Build.0 = Debug|Any CPU
		{12052F96-3656-448F-9B31-2EF86559040E}.Release|Any CPU.ActiveCfg = Release|Any CPU
		{12052F96-3656-448F-9B31-2EF86559040E}.Release|Any CPU.Build.0 = Release|Any CPU
	EndGlobalSection
	GlobalSection(SolutionProperties) = preSolution
		HideSolutionNode = FALSE
	EndGlobalSection
	GlobalSection(ExtensibilityGlobals) = postSolution
		SolutionGuid = {35D74C7B-A872-4EA5-B5CF-4F1E437171F3}
	EndGlobalSection
EndGlobal
